
Microsoft Visual Studio Solution File, Format Version 12.00
# Visual Studio Version 17
VisualStudioVersion = 17.8.34322.80
MinimumVisualStudioVersion = 10.0.40219.1
Project("{8BC9CEB8-8B4A-11D0-8D11-00A0C91BC942}") = "01_Intro", "01_Intro\01_Intro.vcxproj", "{82DA2A2F-4913-4542-8798-8DD4E590A341}"
EndProject
Project("{8BC9CEB8-8B4A-11D0-8D11-00A0C91BC942}") = "02_LogicOperstors", "02_LogicOperstors\02_LogicOperstors.vcxproj", "{874EF87C-B23A-4175-989C-BBC45A88B268}"
EndProject
Project("{8BC9CEB8-8B4A-11D0-8D11-00A0C91BC942}") = "03_Enum", "03_Enum\03_Enum.vcxproj", "{6AF8776A-C0D0-4300-99A4-2DBD266CD31F}"
EndProject
Project("{8BC9CEB8-8B4A-11D0-8D11-00A0C91BC942}") = "04_While_Do_While", "04_While_Do_While\04_While_Do_While.vcxproj", "{92E371B6-BCCD-4742-A8EE-F7B10486C61C}"
EndProject
Project("{8BC9CEB8-8B4A-11D0-8D11-00A0C91BC942}") = "05_For", "05_For\05_For.vcxproj", "{98BDA975-A0CD-488D-943C-8A0B66602D29}"
EndProject
Project("{8BC9CEB8-8B4A-11D0-8D11-00A0C91BC942}") = "06_Array", "06_Array\06_Array.vcxproj", "{70930F71-1024-4066-889F-3B866E1C26DD}"
EndProject
Project("{8BC9CEB8-8B4A-11D0-8D11-00A0C91BC942}") = "07_TwoArray", "07_TwoArray\07_TwoArray.vcxproj", "{5DA63887-47C4-44E9-A855-69A6C5DE1AB2}"
EndProject
Project("{8BC9CEB8-8B4A-11D0-8D11-00A0C91BC942}") = "08_Functions", "08_Functions\08_Functions.vcxproj", "{528B2ABF-542F-417E-8751-86454313F685}"
EndProject
Project("{8BC9CEB8-8B4A-11D0-8D11-00A0C91BC942}") = "09_TemplateFunction", "09_TemplateFunction\09_TemplateFunction.vcxproj", "{2970774A-8DD2-4922-95FE-D7448EBDCD25}"
EndProject
Project("{8BC9CEB8-8B4A-11D0-8D11-00A0C91BC942}") = "10_LinearSearchSort", "10_LinearSearchSort\10_LinearSearchSort.vcxproj", "{2BC4D168-C188-441F-BF4C-324AF7A20794}"
EndProject
Project("{8BC9CEB8-8B4A-11D0-8D11-00A0C91BC942}") = "11_Pointer", "11_Pointer\11_Pointer.vcxproj", "{02DDFEAA-5ADC-4953-BE87-176E993E697E}"
EndProject
Project("{8BC9CEB8-8B4A-11D0-8D11-00A0C91BC942}") = "12_Links", "12_Links\12_Links.vcxproj", "{0E9B3C90-07DE-4F7B-9DF7-CEA9AA32549E}"
EndProject
Project("{8BC9CEB8-8B4A-11D0-8D11-00A0C91BC942}") = "13_DynamicMemory", "13_DynamicMemory\13_DynamicMemory.vcxproj", "{E46715AD-74D4-4189-A90A-13B24FDB85E9}"
EndProject
Project("{8BC9CEB8-8B4A-11D0-8D11-00A0C91BC942}") = "14_Lines", "14_Lines\14_Lines.vcxproj", "{A0D241D2-6147-4B0C-81AF-B166AF5D9FC5}"
EndProject
Project("{8BC9CEB8-8B4A-11D0-8D11-00A0C91BC942}") = "15_TwoDynamicArr", "15_TwoDynamicArr\15_TwoDynamicArr.vcxproj", "{B55E8C32-61E1-4FBF-A3C1-C92E240A31D8}"
EndProject
Project("{8BC9CEB8-8B4A-11D0-8D11-00A0C91BC942}") = "16_Struct", "16_Struct\16_Struct.vcxproj", "{8F5082F4-FEFF-49CC-920A-37821194C9A2}"
EndProject
Project("{8BC9CEB8-8B4A-11D0-8D11-00A0C91BC942}") = "17_VideoShop", "17_VideoShop\17_VideoShop.vcxproj", "{063791A1-5CED-4493-8327-7EF6C52FDDB6}"
EndProject
Project("{8BC9CEB8-8B4A-11D0-8D11-00A0C91BC942}") = "18_IntroToOOP", "18_IntroToOOP\18_IntroToOOP.vcxproj", "{7B294217-91CE-42E9-86C6-4AD97AC5EAC4}"
EndProject
Project("{8BC9CEB8-8B4A-11D0-8D11-00A0C91BC942}") = "19_Class", "19_Class\19_Class.vcxproj", "{5F2BDBDE-DE06-4463-AD9D-DFF54D468405}"
EndProject
Project("{8BC9CEB8-8B4A-11D0-8D11-00A0C91BC942}") = "20_Student", "20_Student\20_Student.vcxproj", "{D0EC500A-D4B2-4CDC-8A0F-EAF52DC2A946}"
EndProject
Project("{8BC9CEB8-8B4A-11D0-8D11-00A0C91BC942}") = "21_CopyConstructor", "21_CopyConstructor\21_CopyConstructor.vcxproj", "{225E45EA-ACAF-4ABE-BDE0-76F2DB8B1718}"
EndProject
Project("{8BC9CEB8-8B4A-11D0-8D11-00A0C91BC942}") = "22_InlineMethodsDelegationConst", "22_InlineMethodsDelegationConst\22_InlineMethodsDelegationConst.vcxproj", "{BD379803-C3CF-4483-AD8D-0AD3420EFF7D}"
EndProject
Project("{8BC9CEB8-8B4A-11D0-8D11-00A0C91BC942}") = "23_WorkWithFiles", "23_WorkWithFiles\23_WorkWithFiles.vcxproj", "{4876D66A-C2C5-43C7-91B3-C99AFBB403F1}"
EndProject
Project("{8BC9CEB8-8B4A-11D0-8D11-00A0C91BC942}") = "24_PointSaveToFile", "24_PointSaveToFile\24_PointSaveToFile.vcxproj", "{021AFE63-F093-488D-BF8A-8DB626644731}"
EndProject
Project("{8BC9CEB8-8B4A-11D0-8D11-00A0C91BC942}") = "25_ConstExplicit", "25_ConstExplicit\25_ConstExplicit.vcxproj", "{9F2232A6-E691-45B4-AA61-C41E4CE37B44}"
EndProject
Project("{8BC9CEB8-8B4A-11D0-8D11-00A0C91BC942}") = "26_OverloadOperators", "26_OverloadOperators\26_OverloadOperators.vcxproj", "{BDC7AF89-ED9B-41D2-9B65-215205D4B360}"
EndProject
Project("{8BC9CEB8-8B4A-11D0-8D11-00A0C91BC942}") = "27_Train", "27_Train\27_Train.vcxproj", "{FF4D5671-CEB2-4DB5-81E9-2614F83DEDA5}"
EndProject
Project("{8BC9CEB8-8B4A-11D0-8D11-00A0C91BC942}") = "28_OverloadDatatypes", "28_OverloadDatatypes\28_OverloadDatatypes.vcxproj", "{9A47CE1A-2A98-4766-9676-63C54B85916C}"
EndProject
Project("{8BC9CEB8-8B4A-11D0-8D11-00A0C91BC942}") = "29_Library", "29_Library\29_Library.vcxproj", "{8AAF3C43-854D-4213-9187-BB24FB80A2BD}"
EndProject
Project("{8BC9CEB8-8B4A-11D0-8D11-00A0C91BC942}") = "30_TemplateClass", "30_TemplateClass\30_TemplateClass.vcxproj", "{2E4B2993-A671-475E-BD41-FE6A5CA06386}"
EndProject
Project("{8BC9CEB8-8B4A-11D0-8D11-00A0C91BC942}") = "31_InitializerList", "31_InitializerList\31_InitializerList.vcxproj", "{BD2DBAF3-9BE4-4465-ADC1-BB9EE31DA7D3}"
EndProject
Project("{8BC9CEB8-8B4A-11D0-8D11-00A0C91BC942}") = "32_Stack", "32_Stack\32_Stack.vcxproj", "{EA868C22-03D4-4ADA-BDAB-059006F7DE23}"
EndProject
Project("{8BC9CEB8-8B4A-11D0-8D11-00A0C91BC942}") = "33_Queue", "33_Queue\33_Queue.vcxproj", "{61BA1569-C95D-4F10-A5CE-FC93BF838057}"
EndProject
Project("{8BC9CEB8-8B4A-11D0-8D11-00A0C91BC942}") = "34_QueueWithPriority", "34_QueueWithPriority\34_QueueWithPriority.vcxproj", "{C83BC0CA-0E85-4BE0-AD40-9B4A86B92AFB}"
EndProject
Project("{8BC9CEB8-8B4A-11D0-8D11-00A0C91BC942}") = "36_SingleLinkedList", "36_SingleLinkedList\36_SingleLinkedList.vcxproj", "{DD153639-1202-47FA-9381-4C27E6B988BB}"
EndProject
Project("{8BC9CEB8-8B4A-11D0-8D11-00A0C91BC942}") = "37_DoubleLinkedList", "37_DoubleLinkedList\37_DoubleLinkedList.vcxproj", "{83C0F76B-00EF-4C36-B87B-D2DECADF9108}"
EndProject
Project("{8BC9CEB8-8B4A-11D0-8D11-00A0C91BC942}") = "38_Inheritance", "38_Inheritance\38_Inheritance.vcxproj", "{BFA4AC50-BCE8-4F66-BAFE-61AFAF97AF43}"
EndProject
Project("{8BC9CEB8-8B4A-11D0-8D11-00A0C91BC942}") = "39_Polimorphism", "39_Polimorphism\39_Polimorphism.vcxproj", "{BEE8ABA7-6A5B-4AF1-994E-8F8C7EC24374}"
EndProject
Global
	GlobalSection(SolutionConfigurationPlatforms) = preSolution
		Debug|x64 = Debug|x64
		Debug|x86 = Debug|x86
		Release|x64 = Release|x64
		Release|x86 = Release|x86
	EndGlobalSection
	GlobalSection(ProjectConfigurationPlatforms) = postSolution
		{82DA2A2F-4913-4542-8798-8DD4E590A341}.Debug|x64.ActiveCfg = Debug|x64
		{82DA2A2F-4913-4542-8798-8DD4E590A341}.Debug|x64.Build.0 = Debug|x64
		{82DA2A2F-4913-4542-8798-8DD4E590A341}.Debug|x86.ActiveCfg = Debug|Win32
		{82DA2A2F-4913-4542-8798-8DD4E590A341}.Debug|x86.Build.0 = Debug|Win32
		{82DA2A2F-4913-4542-8798-8DD4E590A341}.Release|x64.ActiveCfg = Release|x64
		{82DA2A2F-4913-4542-8798-8DD4E590A341}.Release|x64.Build.0 = Release|x64
		{82DA2A2F-4913-4542-8798-8DD4E590A341}.Release|x86.ActiveCfg = Release|Win32
		{82DA2A2F-4913-4542-8798-8DD4E590A341}.Release|x86.Build.0 = Release|Win32
		{874EF87C-B23A-4175-989C-BBC45A88B268}.Debug|x64.ActiveCfg = Debug|x64
		{874EF87C-B23A-4175-989C-BBC45A88B268}.Debug|x64.Build.0 = Debug|x64
		{874EF87C-B23A-4175-989C-BBC45A88B268}.Debug|x86.ActiveCfg = Debug|Win32
		{874EF87C-B23A-4175-989C-BBC45A88B268}.Debug|x86.Build.0 = Debug|Win32
		{874EF87C-B23A-4175-989C-BBC45A88B268}.Release|x64.ActiveCfg = Release|x64
		{874EF87C-B23A-4175-989C-BBC45A88B268}.Release|x64.Build.0 = Release|x64
		{874EF87C-B23A-4175-989C-BBC45A88B268}.Release|x86.ActiveCfg = Release|Win32
		{874EF87C-B23A-4175-989C-BBC45A88B268}.Release|x86.Build.0 = Release|Win32
		{6AF8776A-C0D0-4300-99A4-2DBD266CD31F}.Debug|x64.ActiveCfg = Debug|x64
		{6AF8776A-C0D0-4300-99A4-2DBD266CD31F}.Debug|x64.Build.0 = Debug|x64
		{6AF8776A-C0D0-4300-99A4-2DBD266CD31F}.Debug|x86.ActiveCfg = Debug|Win32
		{6AF8776A-C0D0-4300-99A4-2DBD266CD31F}.Debug|x86.Build.0 = Debug|Win32
		{6AF8776A-C0D0-4300-99A4-2DBD266CD31F}.Release|x64.ActiveCfg = Release|x64
		{6AF8776A-C0D0-4300-99A4-2DBD266CD31F}.Release|x64.Build.0 = Release|x64
		{6AF8776A-C0D0-4300-99A4-2DBD266CD31F}.Release|x86.ActiveCfg = Release|Win32
		{6AF8776A-C0D0-4300-99A4-2DBD266CD31F}.Release|x86.Build.0 = Release|Win32
		{92E371B6-BCCD-4742-A8EE-F7B10486C61C}.Debug|x64.ActiveCfg = Debug|x64
		{92E371B6-BCCD-4742-A8EE-F7B10486C61C}.Debug|x64.Build.0 = Debug|x64
		{92E371B6-BCCD-4742-A8EE-F7B10486C61C}.Debug|x86.ActiveCfg = Debug|Win32
		{92E371B6-BCCD-4742-A8EE-F7B10486C61C}.Debug|x86.Build.0 = Debug|Win32
		{92E371B6-BCCD-4742-A8EE-F7B10486C61C}.Release|x64.ActiveCfg = Release|x64
		{92E371B6-BCCD-4742-A8EE-F7B10486C61C}.Release|x64.Build.0 = Release|x64
		{92E371B6-BCCD-4742-A8EE-F7B10486C61C}.Release|x86.ActiveCfg = Release|Win32
		{92E371B6-BCCD-4742-A8EE-F7B10486C61C}.Release|x86.Build.0 = Release|Win32
		{98BDA975-A0CD-488D-943C-8A0B66602D29}.Debug|x64.ActiveCfg = Debug|x64
		{98BDA975-A0CD-488D-943C-8A0B66602D29}.Debug|x64.Build.0 = Debug|x64
		{98BDA975-A0CD-488D-943C-8A0B66602D29}.Debug|x86.ActiveCfg = Debug|Win32
		{98BDA975-A0CD-488D-943C-8A0B66602D29}.Debug|x86.Build.0 = Debug|Win32
		{98BDA975-A0CD-488D-943C-8A0B66602D29}.Release|x64.ActiveCfg = Release|x64
		{98BDA975-A0CD-488D-943C-8A0B66602D29}.Release|x64.Build.0 = Release|x64
		{98BDA975-A0CD-488D-943C-8A0B66602D29}.Release|x86.ActiveCfg = Release|Win32
		{98BDA975-A0CD-488D-943C-8A0B66602D29}.Release|x86.Build.0 = Release|Win32
		{70930F71-1024-4066-889F-3B866E1C26DD}.Debug|x64.ActiveCfg = Debug|x64
		{70930F71-1024-4066-889F-3B866E1C26DD}.Debug|x64.Build.0 = Debug|x64
		{70930F71-1024-4066-889F-3B866E1C26DD}.Debug|x86.ActiveCfg = Debug|Win32
		{70930F71-1024-4066-889F-3B866E1C26DD}.Debug|x86.Build.0 = Debug|Win32
		{70930F71-1024-4066-889F-3B866E1C26DD}.Release|x64.ActiveCfg = Release|x64
		{70930F71-1024-4066-889F-3B866E1C26DD}.Release|x64.Build.0 = Release|x64
		{70930F71-1024-4066-889F-3B866E1C26DD}.Release|x86.ActiveCfg = Release|Win32
		{70930F71-1024-4066-889F-3B866E1C26DD}.Release|x86.Build.0 = Release|Win32
		{5DA63887-47C4-44E9-A855-69A6C5DE1AB2}.Debug|x64.ActiveCfg = Debug|x64
		{5DA63887-47C4-44E9-A855-69A6C5DE1AB2}.Debug|x64.Build.0 = Debug|x64
		{5DA63887-47C4-44E9-A855-69A6C5DE1AB2}.Debug|x86.ActiveCfg = Debug|Win32
		{5DA63887-47C4-44E9-A855-69A6C5DE1AB2}.Debug|x86.Build.0 = Debug|Win32
		{5DA63887-47C4-44E9-A855-69A6C5DE1AB2}.Release|x64.ActiveCfg = Release|x64
		{5DA63887-47C4-44E9-A855-69A6C5DE1AB2}.Release|x64.Build.0 = Release|x64
		{5DA63887-47C4-44E9-A855-69A6C5DE1AB2}.Release|x86.ActiveCfg = Release|Win32
		{5DA63887-47C4-44E9-A855-69A6C5DE1AB2}.Release|x86.Build.0 = Release|Win32
		{528B2ABF-542F-417E-8751-86454313F685}.Debug|x64.ActiveCfg = Debug|x64
		{528B2ABF-542F-417E-8751-86454313F685}.Debug|x64.Build.0 = Debug|x64
		{528B2ABF-542F-417E-8751-86454313F685}.Debug|x86.ActiveCfg = Debug|Win32
		{528B2ABF-542F-417E-8751-86454313F685}.Debug|x86.Build.0 = Debug|Win32
		{528B2ABF-542F-417E-8751-86454313F685}.Release|x64.ActiveCfg = Release|x64
		{528B2ABF-542F-417E-8751-86454313F685}.Release|x64.Build.0 = Release|x64
		{528B2ABF-542F-417E-8751-86454313F685}.Release|x86.ActiveCfg = Release|Win32
		{528B2ABF-542F-417E-8751-86454313F685}.Release|x86.Build.0 = Release|Win32
		{2970774A-8DD2-4922-95FE-D7448EBDCD25}.Debug|x64.ActiveCfg = Debug|x64
		{2970774A-8DD2-4922-95FE-D7448EBDCD25}.Debug|x64.Build.0 = Debug|x64
		{2970774A-8DD2-4922-95FE-D7448EBDCD25}.Debug|x86.ActiveCfg = Debug|Win32
		{2970774A-8DD2-4922-95FE-D7448EBDCD25}.Debug|x86.Build.0 = Debug|Win32
		{2970774A-8DD2-4922-95FE-D7448EBDCD25}.Release|x64.ActiveCfg = Release|x64
		{2970774A-8DD2-4922-95FE-D7448EBDCD25}.Release|x64.Build.0 = Release|x64
		{2970774A-8DD2-4922-95FE-D7448EBDCD25}.Release|x86.ActiveCfg = Release|Win32
		{2970774A-8DD2-4922-95FE-D7448EBDCD25}.Release|x86.Build.0 = Release|Win32
		{2BC4D168-C188-441F-BF4C-324AF7A20794}.Debug|x64.ActiveCfg = Debug|x64
		{2BC4D168-C188-441F-BF4C-324AF7A20794}.Debug|x64.Build.0 = Debug|x64
		{2BC4D168-C188-441F-BF4C-324AF7A20794}.Debug|x86.ActiveCfg = Debug|Win32
		{2BC4D168-C188-441F-BF4C-324AF7A20794}.Debug|x86.Build.0 = Debug|Win32
		{2BC4D168-C188-441F-BF4C-324AF7A20794}.Release|x64.ActiveCfg = Release|x64
		{2BC4D168-C188-441F-BF4C-324AF7A20794}.Release|x64.Build.0 = Release|x64
		{2BC4D168-C188-441F-BF4C-324AF7A20794}.Release|x86.ActiveCfg = Release|Win32
		{2BC4D168-C188-441F-BF4C-324AF7A20794}.Release|x86.Build.0 = Release|Win32
		{02DDFEAA-5ADC-4953-BE87-176E993E697E}.Debug|x64.ActiveCfg = Debug|x64
		{02DDFEAA-5ADC-4953-BE87-176E993E697E}.Debug|x64.Build.0 = Debug|x64
		{02DDFEAA-5ADC-4953-BE87-176E993E697E}.Debug|x86.ActiveCfg = Debug|Win32
		{02DDFEAA-5ADC-4953-BE87-176E993E697E}.Debug|x86.Build.0 = Debug|Win32
		{02DDFEAA-5ADC-4953-BE87-176E993E697E}.Release|x64.ActiveCfg = Release|x64
		{02DDFEAA-5ADC-4953-BE87-176E993E697E}.Release|x64.Build.0 = Release|x64
		{02DDFEAA-5ADC-4953-BE87-176E993E697E}.Release|x86.ActiveCfg = Release|Win32
		{02DDFEAA-5ADC-4953-BE87-176E993E697E}.Release|x86.Build.0 = Release|Win32
		{0E9B3C90-07DE-4F7B-9DF7-CEA9AA32549E}.Debug|x64.ActiveCfg = Debug|x64
		{0E9B3C90-07DE-4F7B-9DF7-CEA9AA32549E}.Debug|x64.Build.0 = Debug|x64
		{0E9B3C90-07DE-4F7B-9DF7-CEA9AA32549E}.Debug|x86.ActiveCfg = Debug|Win32
		{0E9B3C90-07DE-4F7B-9DF7-CEA9AA32549E}.Debug|x86.Build.0 = Debug|Win32
		{0E9B3C90-07DE-4F7B-9DF7-CEA9AA32549E}.Release|x64.ActiveCfg = Release|x64
		{0E9B3C90-07DE-4F7B-9DF7-CEA9AA32549E}.Release|x64.Build.0 = Release|x64
		{0E9B3C90-07DE-4F7B-9DF7-CEA9AA32549E}.Release|x86.ActiveCfg = Release|Win32
		{0E9B3C90-07DE-4F7B-9DF7-CEA9AA32549E}.Release|x86.Build.0 = Release|Win32
		{E46715AD-74D4-4189-A90A-13B24FDB85E9}.Debug|x64.ActiveCfg = Debug|x64
		{E46715AD-74D4-4189-A90A-13B24FDB85E9}.Debug|x64.Build.0 = Debug|x64
		{E46715AD-74D4-4189-A90A-13B24FDB85E9}.Debug|x86.ActiveCfg = Debug|Win32
		{E46715AD-74D4-4189-A90A-13B24FDB85E9}.Debug|x86.Build.0 = Debug|Win32
		{E46715AD-74D4-4189-A90A-13B24FDB85E9}.Release|x64.ActiveCfg = Release|x64
		{E46715AD-74D4-4189-A90A-13B24FDB85E9}.Release|x64.Build.0 = Release|x64
		{E46715AD-74D4-4189-A90A-13B24FDB85E9}.Release|x86.ActiveCfg = Release|Win32
		{E46715AD-74D4-4189-A90A-13B24FDB85E9}.Release|x86.Build.0 = Release|Win32
		{A0D241D2-6147-4B0C-81AF-B166AF5D9FC5}.Debug|x64.ActiveCfg = Debug|x64
		{A0D241D2-6147-4B0C-81AF-B166AF5D9FC5}.Debug|x64.Build.0 = Debug|x64
		{A0D241D2-6147-4B0C-81AF-B166AF5D9FC5}.Debug|x86.ActiveCfg = Debug|Win32
		{A0D241D2-6147-4B0C-81AF-B166AF5D9FC5}.Debug|x86.Build.0 = Debug|Win32
		{A0D241D2-6147-4B0C-81AF-B166AF5D9FC5}.Release|x64.ActiveCfg = Release|x64
		{A0D241D2-6147-4B0C-81AF-B166AF5D9FC5}.Release|x64.Build.0 = Release|x64
		{A0D241D2-6147-4B0C-81AF-B166AF5D9FC5}.Release|x86.ActiveCfg = Release|Win32
		{A0D241D2-6147-4B0C-81AF-B166AF5D9FC5}.Release|x86.Build.0 = Release|Win32
		{B55E8C32-61E1-4FBF-A3C1-C92E240A31D8}.Debug|x64.ActiveCfg = Debug|x64
		{B55E8C32-61E1-4FBF-A3C1-C92E240A31D8}.Debug|x64.Build.0 = Debug|x64
		{B55E8C32-61E1-4FBF-A3C1-C92E240A31D8}.Debug|x86.ActiveCfg = Debug|Win32
		{B55E8C32-61E1-4FBF-A3C1-C92E240A31D8}.Debug|x86.Build.0 = Debug|Win32
		{B55E8C32-61E1-4FBF-A3C1-C92E240A31D8}.Release|x64.ActiveCfg = Release|x64
		{B55E8C32-61E1-4FBF-A3C1-C92E240A31D8}.Release|x64.Build.0 = Release|x64
		{B55E8C32-61E1-4FBF-A3C1-C92E240A31D8}.Release|x86.ActiveCfg = Release|Win32
		{B55E8C32-61E1-4FBF-A3C1-C92E240A31D8}.Release|x86.Build.0 = Release|Win32
		{8F5082F4-FEFF-49CC-920A-37821194C9A2}.Debug|x64.ActiveCfg = Debug|x64
		{8F5082F4-FEFF-49CC-920A-37821194C9A2}.Debug|x64.Build.0 = Debug|x64
		{8F5082F4-FEFF-49CC-920A-37821194C9A2}.Debug|x86.ActiveCfg = Debug|Win32
		{8F5082F4-FEFF-49CC-920A-37821194C9A2}.Debug|x86.Build.0 = Debug|Win32
		{8F5082F4-FEFF-49CC-920A-37821194C9A2}.Release|x64.ActiveCfg = Release|x64
		{8F5082F4-FEFF-49CC-920A-37821194C9A2}.Release|x64.Build.0 = Release|x64
		{8F5082F4-FEFF-49CC-920A-37821194C9A2}.Release|x86.ActiveCfg = Release|Win32
		{8F5082F4-FEFF-49CC-920A-37821194C9A2}.Release|x86.Build.0 = Release|Win32
		{063791A1-5CED-4493-8327-7EF6C52FDDB6}.Debug|x64.ActiveCfg = Debug|x64
		{063791A1-5CED-4493-8327-7EF6C52FDDB6}.Debug|x64.Build.0 = Debug|x64
		{063791A1-5CED-4493-8327-7EF6C52FDDB6}.Debug|x86.ActiveCfg = Debug|Win32
		{063791A1-5CED-4493-8327-7EF6C52FDDB6}.Debug|x86.Build.0 = Debug|Win32
		{063791A1-5CED-4493-8327-7EF6C52FDDB6}.Release|x64.ActiveCfg = Release|x64
		{063791A1-5CED-4493-8327-7EF6C52FDDB6}.Release|x64.Build.0 = Release|x64
		{063791A1-5CED-4493-8327-7EF6C52FDDB6}.Release|x86.ActiveCfg = Release|Win32
		{063791A1-5CED-4493-8327-7EF6C52FDDB6}.Release|x86.Build.0 = Release|Win32
		{7B294217-91CE-42E9-86C6-4AD97AC5EAC4}.Debug|x64.ActiveCfg = Debug|x64
		{7B294217-91CE-42E9-86C6-4AD97AC5EAC4}.Debug|x64.Build.0 = Debug|x64
		{7B294217-91CE-42E9-86C6-4AD97AC5EAC4}.Debug|x86.ActiveCfg = Debug|Win32
		{7B294217-91CE-42E9-86C6-4AD97AC5EAC4}.Debug|x86.Build.0 = Debug|Win32
		{7B294217-91CE-42E9-86C6-4AD97AC5EAC4}.Release|x64.ActiveCfg = Release|x64
		{7B294217-91CE-42E9-86C6-4AD97AC5EAC4}.Release|x64.Build.0 = Release|x64
		{7B294217-91CE-42E9-86C6-4AD97AC5EAC4}.Release|x86.ActiveCfg = Release|Win32
		{7B294217-91CE-42E9-86C6-4AD97AC5EAC4}.Release|x86.Build.0 = Release|Win32
		{5F2BDBDE-DE06-4463-AD9D-DFF54D468405}.Debug|x64.ActiveCfg = Debug|x64
		{5F2BDBDE-DE06-4463-AD9D-DFF54D468405}.Debug|x64.Build.0 = Debug|x64
		{5F2BDBDE-DE06-4463-AD9D-DFF54D468405}.Debug|x86.ActiveCfg = Debug|Win32
		{5F2BDBDE-DE06-4463-AD9D-DFF54D468405}.Debug|x86.Build.0 = Debug|Win32
		{5F2BDBDE-DE06-4463-AD9D-DFF54D468405}.Release|x64.ActiveCfg = Release|x64
		{5F2BDBDE-DE06-4463-AD9D-DFF54D468405}.Release|x64.Build.0 = Release|x64
		{5F2BDBDE-DE06-4463-AD9D-DFF54D468405}.Release|x86.ActiveCfg = Release|Win32
		{5F2BDBDE-DE06-4463-AD9D-DFF54D468405}.Release|x86.Build.0 = Release|Win32
		{D0EC500A-D4B2-4CDC-8A0F-EAF52DC2A946}.Debug|x64.ActiveCfg = Debug|x64
		{D0EC500A-D4B2-4CDC-8A0F-EAF52DC2A946}.Debug|x64.Build.0 = Debug|x64
		{D0EC500A-D4B2-4CDC-8A0F-EAF52DC2A946}.Debug|x86.ActiveCfg = Debug|Win32
		{D0EC500A-D4B2-4CDC-8A0F-EAF52DC2A946}.Debug|x86.Build.0 = Debug|Win32
		{D0EC500A-D4B2-4CDC-8A0F-EAF52DC2A946}.Release|x64.ActiveCfg = Release|x64
		{D0EC500A-D4B2-4CDC-8A0F-EAF52DC2A946}.Release|x64.Build.0 = Release|x64
		{D0EC500A-D4B2-4CDC-8A0F-EAF52DC2A946}.Release|x86.ActiveCfg = Release|Win32
		{D0EC500A-D4B2-4CDC-8A0F-EAF52DC2A946}.Release|x86.Build.0 = Release|Win32
		{225E45EA-ACAF-4ABE-BDE0-76F2DB8B1718}.Debug|x64.ActiveCfg = Debug|x64
		{225E45EA-ACAF-4ABE-BDE0-76F2DB8B1718}.Debug|x64.Build.0 = Debug|x64
		{225E45EA-ACAF-4ABE-BDE0-76F2DB8B1718}.Debug|x86.ActiveCfg = Debug|Win32
		{225E45EA-ACAF-4ABE-BDE0-76F2DB8B1718}.Debug|x86.Build.0 = Debug|Win32
		{225E45EA-ACAF-4ABE-BDE0-76F2DB8B1718}.Release|x64.ActiveCfg = Release|x64
		{225E45EA-ACAF-4ABE-BDE0-76F2DB8B1718}.Release|x64.Build.0 = Release|x64
		{225E45EA-ACAF-4ABE-BDE0-76F2DB8B1718}.Release|x86.ActiveCfg = Release|Win32
		{225E45EA-ACAF-4ABE-BDE0-76F2DB8B1718}.Release|x86.Build.0 = Release|Win32
		{BD379803-C3CF-4483-AD8D-0AD3420EFF7D}.Debug|x64.ActiveCfg = Debug|x64
		{BD379803-C3CF-4483-AD8D-0AD3420EFF7D}.Debug|x64.Build.0 = Debug|x64
		{BD379803-C3CF-4483-AD8D-0AD3420EFF7D}.Debug|x86.ActiveCfg = Debug|Win32
		{BD379803-C3CF-4483-AD8D-0AD3420EFF7D}.Debug|x86.Build.0 = Debug|Win32
		{BD379803-C3CF-4483-AD8D-0AD3420EFF7D}.Release|x64.ActiveCfg = Release|x64
		{BD379803-C3CF-4483-AD8D-0AD3420EFF7D}.Release|x64.Build.0 = Release|x64
		{BD379803-C3CF-4483-AD8D-0AD3420EFF7D}.Release|x86.ActiveCfg = Release|Win32
		{BD379803-C3CF-4483-AD8D-0AD3420EFF7D}.Release|x86.Build.0 = Release|Win32
		{4876D66A-C2C5-43C7-91B3-C99AFBB403F1}.Debug|x64.ActiveCfg = Debug|x64
		{4876D66A-C2C5-43C7-91B3-C99AFBB403F1}.Debug|x64.Build.0 = Debug|x64
		{4876D66A-C2C5-43C7-91B3-C99AFBB403F1}.Debug|x86.ActiveCfg = Debug|Win32
		{4876D66A-C2C5-43C7-91B3-C99AFBB403F1}.Debug|x86.Build.0 = Debug|Win32
		{4876D66A-C2C5-43C7-91B3-C99AFBB403F1}.Release|x64.ActiveCfg = Release|x64
		{4876D66A-C2C5-43C7-91B3-C99AFBB403F1}.Release|x64.Build.0 = Release|x64
		{4876D66A-C2C5-43C7-91B3-C99AFBB403F1}.Release|x86.ActiveCfg = Release|Win32
		{4876D66A-C2C5-43C7-91B3-C99AFBB403F1}.Release|x86.Build.0 = Release|Win32
		{021AFE63-F093-488D-BF8A-8DB626644731}.Debug|x64.ActiveCfg = Debug|x64
		{021AFE63-F093-488D-BF8A-8DB626644731}.Debug|x64.Build.0 = Debug|x64
		{021AFE63-F093-488D-BF8A-8DB626644731}.Debug|x86.ActiveCfg = Debug|Win32
		{021AFE63-F093-488D-BF8A-8DB626644731}.Debug|x86.Build.0 = Debug|Win32
		{021AFE63-F093-488D-BF8A-8DB626644731}.Release|x64.ActiveCfg = Release|x64
		{021AFE63-F093-488D-BF8A-8DB626644731}.Release|x64.Build.0 = Release|x64
		{021AFE63-F093-488D-BF8A-8DB626644731}.Release|x86.ActiveCfg = Release|Win32
		{021AFE63-F093-488D-BF8A-8DB626644731}.Release|x86.Build.0 = Release|Win32
		{9F2232A6-E691-45B4-AA61-C41E4CE37B44}.Debug|x64.ActiveCfg = Debug|x64
		{9F2232A6-E691-45B4-AA61-C41E4CE37B44}.Debug|x64.Build.0 = Debug|x64
		{9F2232A6-E691-45B4-AA61-C41E4CE37B44}.Debug|x86.ActiveCfg = Debug|Win32
		{9F2232A6-E691-45B4-AA61-C41E4CE37B44}.Debug|x86.Build.0 = Debug|Win32
		{9F2232A6-E691-45B4-AA61-C41E4CE37B44}.Release|x64.ActiveCfg = Release|x64
		{9F2232A6-E691-45B4-AA61-C41E4CE37B44}.Release|x64.Build.0 = Release|x64
		{9F2232A6-E691-45B4-AA61-C41E4CE37B44}.Release|x86.ActiveCfg = Release|Win32
		{9F2232A6-E691-45B4-AA61-C41E4CE37B44}.Release|x86.Build.0 = Release|Win32
		{BDC7AF89-ED9B-41D2-9B65-215205D4B360}.Debug|x64.ActiveCfg = Debug|x64
		{BDC7AF89-ED9B-41D2-9B65-215205D4B360}.Debug|x64.Build.0 = Debug|x64
		{BDC7AF89-ED9B-41D2-9B65-215205D4B360}.Debug|x86.ActiveCfg = Debug|Win32
		{BDC7AF89-ED9B-41D2-9B65-215205D4B360}.Debug|x86.Build.0 = Debug|Win32
		{BDC7AF89-ED9B-41D2-9B65-215205D4B360}.Release|x64.ActiveCfg = Release|x64
		{BDC7AF89-ED9B-41D2-9B65-215205D4B360}.Release|x64.Build.0 = Release|x64
		{BDC7AF89-ED9B-41D2-9B65-215205D4B360}.Release|x86.ActiveCfg = Release|Win32
		{BDC7AF89-ED9B-41D2-9B65-215205D4B360}.Release|x86.Build.0 = Release|Win32
		{FF4D5671-CEB2-4DB5-81E9-2614F83DEDA5}.Debug|x64.ActiveCfg = Debug|x64
		{FF4D5671-CEB2-4DB5-81E9-2614F83DEDA5}.Debug|x64.Build.0 = Debug|x64
		{FF4D5671-CEB2-4DB5-81E9-2614F83DEDA5}.Debug|x86.ActiveCfg = Debug|Win32
		{FF4D5671-CEB2-4DB5-81E9-2614F83DEDA5}.Debug|x86.Build.0 = Debug|Win32
		{FF4D5671-CEB2-4DB5-81E9-2614F83DEDA5}.Release|x64.ActiveCfg = Release|x64
		{FF4D5671-CEB2-4DB5-81E9-2614F83DEDA5}.Release|x64.Build.0 = Release|x64
		{FF4D5671-CEB2-4DB5-81E9-2614F83DEDA5}.Release|x86.ActiveCfg = Release|Win32
		{FF4D5671-CEB2-4DB5-81E9-2614F83DEDA5}.Release|x86.Build.0 = Release|Win32
		{9A47CE1A-2A98-4766-9676-63C54B85916C}.Debug|x64.ActiveCfg = Debug|x64
		{9A47CE1A-2A98-4766-9676-63C54B85916C}.Debug|x64.Build.0 = Debug|x64
		{9A47CE1A-2A98-4766-9676-63C54B85916C}.Debug|x86.ActiveCfg = Debug|Win32
		{9A47CE1A-2A98-4766-9676-63C54B85916C}.Debug|x86.Build.0 = Debug|Win32
		{9A47CE1A-2A98-4766-9676-63C54B85916C}.Release|x64.ActiveCfg = Release|x64
		{9A47CE1A-2A98-4766-9676-63C54B85916C}.Release|x64.Build.0 = Release|x64
		{9A47CE1A-2A98-4766-9676-63C54B85916C}.Release|x86.ActiveCfg = Release|Win32
		{9A47CE1A-2A98-4766-9676-63C54B85916C}.Release|x86.Build.0 = Release|Win32
		{8AAF3C43-854D-4213-9187-BB24FB80A2BD}.Debug|x64.ActiveCfg = Debug|x64
		{8AAF3C43-854D-4213-9187-BB24FB80A2BD}.Debug|x64.Build.0 = Debug|x64
		{8AAF3C43-854D-4213-9187-BB24FB80A2BD}.Debug|x86.ActiveCfg = Debug|Win32
		{8AAF3C43-854D-4213-9187-BB24FB80A2BD}.Debug|x86.Build.0 = Debug|Win32
		{8AAF3C43-854D-4213-9187-BB24FB80A2BD}.Release|x64.ActiveCfg = Release|x64
		{8AAF3C43-854D-4213-9187-BB24FB80A2BD}.Release|x64.Build.0 = Release|x64
		{8AAF3C43-854D-4213-9187-BB24FB80A2BD}.Release|x86.ActiveCfg = Release|Win32
		{8AAF3C43-854D-4213-9187-BB24FB80A2BD}.Release|x86.Build.0 = Release|Win32
		{2E4B2993-A671-475E-BD41-FE6A5CA06386}.Debug|x64.ActiveCfg = Debug|x64
		{2E4B2993-A671-475E-BD41-FE6A5CA06386}.Debug|x64.Build.0 = Debug|x64
		{2E4B2993-A671-475E-BD41-FE6A5CA06386}.Debug|x86.ActiveCfg = Debug|Win32
		{2E4B2993-A671-475E-BD41-FE6A5CA06386}.Debug|x86.Build.0 = Debug|Win32
		{2E4B2993-A671-475E-BD41-FE6A5CA06386}.Release|x64.ActiveCfg = Release|x64
		{2E4B2993-A671-475E-BD41-FE6A5CA06386}.Release|x64.Build.0 = Release|x64
		{2E4B2993-A671-475E-BD41-FE6A5CA06386}.Release|x86.ActiveCfg = Release|Win32
		{2E4B2993-A671-475E-BD41-FE6A5CA06386}.Release|x86.Build.0 = Release|Win32
		{BD2DBAF3-9BE4-4465-ADC1-BB9EE31DA7D3}.Debug|x64.ActiveCfg = Debug|x64
		{BD2DBAF3-9BE4-4465-ADC1-BB9EE31DA7D3}.Debug|x64.Build.0 = Debug|x64
		{BD2DBAF3-9BE4-4465-ADC1-BB9EE31DA7D3}.Debug|x86.ActiveCfg = Debug|Win32
		{BD2DBAF3-9BE4-4465-ADC1-BB9EE31DA7D3}.Debug|x86.Build.0 = Debug|Win32
		{BD2DBAF3-9BE4-4465-ADC1-BB9EE31DA7D3}.Release|x64.ActiveCfg = Release|x64
		{BD2DBAF3-9BE4-4465-ADC1-BB9EE31DA7D3}.Release|x64.Build.0 = Release|x64
		{BD2DBAF3-9BE4-4465-ADC1-BB9EE31DA7D3}.Release|x86.ActiveCfg = Release|Win32
		{BD2DBAF3-9BE4-4465-ADC1-BB9EE31DA7D3}.Release|x86.Build.0 = Release|Win32
		{EA868C22-03D4-4ADA-BDAB-059006F7DE23}.Debug|x64.ActiveCfg = Debug|x64
		{EA868C22-03D4-4ADA-BDAB-059006F7DE23}.Debug|x64.Build.0 = Debug|x64
		{EA868C22-03D4-4ADA-BDAB-059006F7DE23}.Debug|x86.ActiveCfg = Debug|Win32
		{EA868C22-03D4-4ADA-BDAB-059006F7DE23}.Debug|x86.Build.0 = Debug|Win32
		{EA868C22-03D4-4ADA-BDAB-059006F7DE23}.Release|x64.ActiveCfg = Release|x64
		{EA868C22-03D4-4ADA-BDAB-059006F7DE23}.Release|x64.Build.0 = Release|x64
		{EA868C22-03D4-4ADA-BDAB-059006F7DE23}.Release|x86.ActiveCfg = Release|Win32
		{EA868C22-03D4-4ADA-BDAB-059006F7DE23}.Release|x86.Build.0 = Release|Win32
		{61BA1569-C95D-4F10-A5CE-FC93BF838057}.Debug|x64.ActiveCfg = Debug|x64
		{61BA1569-C95D-4F10-A5CE-FC93BF838057}.Debug|x64.Build.0 = Debug|x64
		{61BA1569-C95D-4F10-A5CE-FC93BF838057}.Debug|x86.ActiveCfg = Debug|Win32
		{61BA1569-C95D-4F10-A5CE-FC93BF838057}.Debug|x86.Build.0 = Debug|Win32
		{61BA1569-C95D-4F10-A5CE-FC93BF838057}.Release|x64.ActiveCfg = Release|x64
		{61BA1569-C95D-4F10-A5CE-FC93BF838057}.Release|x64.Build.0 = Release|x64
		{61BA1569-C95D-4F10-A5CE-FC93BF838057}.Release|x86.ActiveCfg = Release|Win32
		{61BA1569-C95D-4F10-A5CE-FC93BF838057}.Release|x86.Build.0 = Release|Win32
		{C83BC0CA-0E85-4BE0-AD40-9B4A86B92AFB}.Debug|x64.ActiveCfg = Debug|x64
		{C83BC0CA-0E85-4BE0-AD40-9B4A86B92AFB}.Debug|x64.Build.0 = Debug|x64
		{C83BC0CA-0E85-4BE0-AD40-9B4A86B92AFB}.Debug|x86.ActiveCfg = Debug|Win32
		{C83BC0CA-0E85-4BE0-AD40-9B4A86B92AFB}.Debug|x86.Build.0 = Debug|Win32
		{C83BC0CA-0E85-4BE0-AD40-9B4A86B92AFB}.Release|x64.ActiveCfg = Release|x64
		{C83BC0CA-0E85-4BE0-AD40-9B4A86B92AFB}.Release|x64.Build.0 = Release|x64
		{C83BC0CA-0E85-4BE0-AD40-9B4A86B92AFB}.Release|x86.ActiveCfg = Release|Win32
		{C83BC0CA-0E85-4BE0-AD40-9B4A86B92AFB}.Release|x86.Build.0 = Release|Win32
		{DD153639-1202-47FA-9381-4C27E6B988BB}.Debug|x64.ActiveCfg = Debug|x64
		{DD153639-1202-47FA-9381-4C27E6B988BB}.Debug|x64.Build.0 = Debug|x64
		{DD153639-1202-47FA-9381-4C27E6B988BB}.Debug|x86.ActiveCfg = Debug|Win32
		{DD153639-1202-47FA-9381-4C27E6B988BB}.Debug|x86.Build.0 = Debug|Win32
		{DD153639-1202-47FA-9381-4C27E6B988BB}.Release|x64.ActiveCfg = Release|x64
		{DD153639-1202-47FA-9381-4C27E6B988BB}.Release|x64.Build.0 = Release|x64
		{DD153639-1202-47FA-9381-4C27E6B988BB}.Release|x86.ActiveCfg = Release|Win32
		{DD153639-1202-47FA-9381-4C27E6B988BB}.Release|x86.Build.0 = Release|Win32
		{83C0F76B-00EF-4C36-B87B-D2DECADF9108}.Debug|x64.ActiveCfg = Debug|x64
		{83C0F76B-00EF-4C36-B87B-D2DECADF9108}.Debug|x64.Build.0 = Debug|x64
		{83C0F76B-00EF-4C36-B87B-D2DECADF9108}.Debug|x86.ActiveCfg = Debug|Win32
		{83C0F76B-00EF-4C36-B87B-D2DECADF9108}.Debug|x86.Build.0 = Debug|Win32
		{83C0F76B-00EF-4C36-B87B-D2DECADF9108}.Release|x64.ActiveCfg = Release|x64
		{83C0F76B-00EF-4C36-B87B-D2DECADF9108}.Release|x64.Build.0 = Release|x64
		{83C0F76B-00EF-4C36-B87B-D2DECADF9108}.Release|x86.ActiveCfg = Release|Win32
		{83C0F76B-00EF-4C36-B87B-D2DECADF9108}.Release|x86.Build.0 = Release|Win32
		{BFA4AC50-BCE8-4F66-BAFE-61AFAF97AF43}.Debug|x64.ActiveCfg = Debug|x64
		{BFA4AC50-BCE8-4F66-BAFE-61AFAF97AF43}.Debug|x64.Build.0 = Debug|x64
		{BFA4AC50-BCE8-4F66-BAFE-61AFAF97AF43}.Debug|x86.ActiveCfg = Debug|Win32
		{BFA4AC50-BCE8-4F66-BAFE-61AFAF97AF43}.Debug|x86.Build.0 = Debug|Win32
		{BFA4AC50-BCE8-4F66-BAFE-61AFAF97AF43}.Release|x64.ActiveCfg = Release|x64
		{BFA4AC50-BCE8-4F66-BAFE-61AFAF97AF43}.Release|x64.Build.0 = Release|x64
		{BFA4AC50-BCE8-4F66-BAFE-61AFAF97AF43}.Release|x86.ActiveCfg = Release|Win32
		{BFA4AC50-BCE8-4F66-BAFE-61AFAF97AF43}.Release|x86.Build.0 = Release|Win32
		{BEE8ABA7-6A5B-4AF1-994E-8F8C7EC24374}.Debug|x64.ActiveCfg = Debug|x64
		{BEE8ABA7-6A5B-4AF1-994E-8F8C7EC24374}.Debug|x64.Build.0 = Debug|x64
		{BEE8ABA7-6A5B-4AF1-994E-8F8C7EC24374}.Debug|x86.ActiveCfg = Debug|Win32
		{BEE8ABA7-6A5B-4AF1-994E-8F8C7EC24374}.Debug|x86.Build.0 = Debug|Win32
		{BEE8ABA7-6A5B-4AF1-994E-8F8C7EC24374}.Release|x64.ActiveCfg = Release|x64
		{BEE8ABA7-6A5B-4AF1-994E-8F8C7EC24374}.Release|x64.Build.0 = Release|x64
		{BEE8ABA7-6A5B-4AF1-994E-8F8C7EC24374}.Release|x86.ActiveCfg = Release|Win32
		{BEE8ABA7-6A5B-4AF1-994E-8F8C7EC24374}.Release|x86.Build.0 = Release|Win32
	EndGlobalSection
	GlobalSection(SolutionProperties) = preSolution
		HideSolutionNode = FALSE
	EndGlobalSection
	GlobalSection(ExtensibilityGlobals) = postSolution
		SolutionGuid = {FA825020-0BD4-4BA2-811A-2FCAE5D232F1}
	EndGlobalSection
EndGlobal
